<?xml version="1.0" encoding="utf-8"?>
<Project ToolsVersion="4.0" xmlns="http://schemas.microsoft.com/developer/msbuild/2003">
  <ItemGroup>
    <Filter Include="Исходные файлы">
      <UniqueIdentifier>{4FC737F1-C7A5-4376-A066-2A32D752A2FF}</UniqueIdentifier>
      <Extensions>cpp;c;cc;cxx;c++;cppm;ixx;def;odl;idl;hpj;bat;asm;asmx</Extensions>
    </Filter>
    <Filter Include="Файлы заголовков">
      <UniqueIdentifier>{93995380-89BD-4b04-88EB-625FBE52EBFB}</UniqueIdentifier>
      <Extensions>h;hh;hpp;hxx;h++;hm;inl;inc;ipp;xsd</Extensions>
    </Filter>
    <Filter Include="Файлы ресурсов">
      <UniqueIdentifier>{67DA6AB6-F800-4c08-8B7A-83BB121AAD01}</UniqueIdentifier>
      <Extensions>rc;ico;cur;bmp;dlg;rc2;rct;bin;rgs;gif;jpg;jpeg;jpe;resx;tiff;tif;png;wav;mfcribbon-ms</Extensions>
    </Filter>
  </ItemGroup>
  <ItemGroup>
    <ClCompile Include="main.cpp">
      <Filter>Исходные файлы</Filter>
    </ClCompile>
    <ClCompile Include="3dProg.cpp">
      <Filter>Исходные файлы</Filter>
    </ClCompile>
    <ClCompile Include="3dProg_ricatti.cpp">
      <Filter>Исходные файлы</Filter>
    </ClCompile>
    <ClCompile Include="DOS.cpp">
      <Filter>Исходные файлы</Filter>
    </ClCompile>
    <ClCompile Include="Geometry.cpp">
      <Filter>Исходные файлы</Filter>
    </ClCompile>
    <ClCompile Include="Impedance.cpp">
      <Filter>Исходные файлы</Filter>
    </ClCompile>
    <ClCompile Include="IS.cpp">
      <Filter>Исходные файлы</Filter>
    </ClCompile>
    <ClCompile Include="KinInd.cpp">
      <Filter>Исходные файлы</Filter>
    </ClCompile>
    <ClCompile Include="self-const.cpp">
      <Filter>Исходные файлы</Filter>
    </ClCompile>
    <ClCompile Include="self-const_ricatti.cpp">
      <Filter>Исходные файлы</Filter>
    </ClCompile>
    <ClCompile Include="stdafx.cpp">
      <Filter>Исходные файлы</Filter>
    </ClCompile>
  </ItemGroup>
  <ItemGroup>
    <ClInclude Include="SFS.h">
      <Filter>Файлы заголовков</Filter>
    </ClInclude>
    <ClInclude Include="SFS1.h">
      <Filter>Файлы заголовков</Filter>
    </ClInclude>
    <ClInclude Include="stdafx.h">
      <Filter>Файлы заголовков</Filter>
    </ClInclude>
    <ClInclude Include="targetver.h">
      <Filter>Файлы заголовков</Filter>
    </ClInclude>
  </ItemGroup>
  <ItemGroup>
    <Filter Include="SNS Floquet"><UniqueIdentifier>{79194D8D-01A2-44E3-8888-1378C30FC911}</UniqueIdentifier></Filter>
    <ClCompile Include="sns\spectral.cpp"><Filter>SNS Floquet</Filter></ClCompile>
    <ClCompile Include="sns\kinetic.cpp"><Filter>SNS Floquet</Filter></ClCompile>
    <ClCompile Include="sns\current.cpp"><Filter>SNS Floquet</Filter></ClCompile>
    <ClInclude Include="sns\sns.hpp"><Filter>SNS Floquet</Filter></ClInclude>
    <ClInclude Include="sns\matrix.hpp"><Filter>SNS Floquet</Filter></ClInclude>
    <None Include="sns\README.ru.md"><Filter>SNS Floquet</Filter></None>
    <None Include="sns\VALIDATION.md"><Filter>SNS Floquet</Filter></None>
  </ItemGroup>
  <ItemGroup><ClCompile Include="sns\runner.cpp"><Filter>SNS Floquet</Filter></ClCompile><ClInclude Include="sns\runner.hpp"><Filter>SNS Floquet</Filter></ClInclude></ItemGroup>
</Project>
